
Microsoft Visual Studio Solution File, Format Version 10.00
# Visual Studio 2008
Project("{8BC9CEB8-8B4A-11D0-8D11-00A0C91BC942}") = "Client - OldThreadPool", "Client\Client.vcproj", "{D89CFDF1-ACBD-414F-81C5-83C3AB5FB403}"
EndProject
Project("{8BC9CEB8-8B4A-11D0-8D11-00A0C91BC942}") = "Server - OldThreadPool", "Server\Server.vcproj", "{9F68071D-1DDB-46E5-AD9A-D6D19C698688}"
EndProject
Global
	GlobalSection(SolutionConfigurationPlatforms) = preSolution
		Debug|Win32 = Debug|Win32
		Debug|x64 = Debug|x64
		Release|Win32 = Release|Win32
		Release|x64 = Release|x64
	EndGlobalSection
	GlobalSection(ProjectConfigurationPlatforms) = postSolution
		{D89CFDF1-ACBD-414F-81C5-83C3AB5FB403}.Debug|Win32.ActiveCfg = Debug|Win32
		{D89CFDF1-ACBD-414F-81C5-83C3AB5FB403}.Debug|Win32.Build.0 = Debug|Win32
		{D89CFDF1-ACBD-414F-81C5-83C3AB5FB403}.Debug|x64.ActiveCfg = Debug|x64
		{D89CFDF1-ACBD-414F-81C5-83C3AB5FB403}.Debug|x64.Build.0 = Debug|x64
		{D89CFDF1-ACBD-414F-81C5-83C3AB5FB403}.Release|Win32.ActiveCfg = Release|Win32
		{D89CFDF1-ACBD-414F-81C5-83C3AB5FB403}.Release|Win32.Build.0 = Release|Win32
		{D89CFDF1-ACBD-414F-81C5-83C3AB5FB403}.Release|x64.ActiveCfg = Release|x64
		{D89CFDF1-ACBD-414F-81C5-83C3AB5FB403}.Release|x64.Build.0 = Release|x64
		{9F68071D-1DDB-46E5-AD9A-D6D19C698688}.Debug|Win32.ActiveCfg = Debug|Win32
		{9F68071D-1DDB-46E5-AD9A-D6D19C698688}.Debug|Win32.Build.0 = Debug|Win32
		{9F68071D-1DDB-46E5-AD9A-D6D19C698688}.Debug|x64.ActiveCfg = Debug|x64
		{9F68071D-1DDB-46E5-AD9A-D6D19C698688}.Debug|x64.Build.0 = Debug|x64
		{9F68071D-1DDB-46E5-AD9A-D6D19C698688}.Release|Win32.ActiveCfg = Release|Win32
		{9F68071D-1DDB-46E5-AD9A-D6D19C698688}.Release|Win32.Build.0 = Release|Win32
		{9F68071D-1DDB-46E5-AD9A-D6D19C698688}.Release|x64.ActiveCfg = Release|x64
		{9F68071D-1DDB-46E5-AD9A-D6D19C698688}.Release|x64.Build.0 = Release|x64
	EndGlobalSection
	GlobalSection(SolutionProperties) = preSolution
		HideSolutionNode = FALSE
	EndGlobalSection
EndGlobal
